{
  "name": "e2e-js-test-application",
  "version": "0.0.0",
  "lockfileVersion": 2,
  "requires": true,
  "packages": {
    "": {
      "name": "e2e-js-test-application",
      "version": "0.0.0",
      "devDependencies": {
        "@luigi-project/client": "^2.22.1",
        "@luigi-project/core": "^2.22.1",
        "@luigi-project/plugin-auth-oauth2": "^2.22.1",
        "@sap-theming/theming-base-content": "11.1.41",
        "fundamental-styles": "0.23.0"
      },
      "engines": {
        "node": ">=20.19.0"
      }
    },
    "node_modules/@luigi-project/client": {
      "version": "2.22.1",
      "resolved": "https://registry.npmjs.org/@luigi-project/client/-/client-2.22.1.tgz",
      "integrity": "sha512-xuENrCMkdgaNREznpv7dxErIZ4lfB9u8htNjBq4hPRifb+QSH/pHS3jI6n3ZCqGeG/a7VubjCs26T4npeBqCvA==",
      "dev": true,
      "license": "Apache-2.0"
    },
    "node_modules/@luigi-project/core": {
      "version": "2.22.1",
      "resolved": "https://registry.npmjs.org/@luigi-project/core/-/core-2.22.1.tgz",
      "integrity": "sha512-nwIbxDINhFspxmu+oNT0T4yNifrZC8Kn6Db95k/l6ltCLL11D189yHM8R20KQ4MWz79McYH9NmDC98LCe5hDBg==",
      "dev": true,
      "license": "Apache-2.0"
    },
    "node_modules/@luigi-project/plugin-auth-oauth2": {
      "version": "2.22.1",
      "resolved": "https://registry.npmjs.org/@luigi-project/plugin-auth-oauth2/-/plugin-auth-oauth2-2.22.1.tgz",
      "integrity": "sha512-zkRqLR8WgRpCMV5Bvu+Gk8UO+Y6NLlBbnCRZlnnAsawlWf58L/kukOGTXqf2VMZpnd6EPKsAQCP8P2Hma2E5VQ==",
      "dev": true,
      "license": "Apache-2.0"
    },
    "node_modules/@sap-theming/theming-base-content": {
      "version": "11.1.41",
      "resolved": "https://registry.npmjs.org/@sap-theming/theming-base-content/-/theming-base-content-11.1.41.tgz",
      "integrity": "sha512-ffxq4uP7I/CowpXvXQxjNSBXEvMlZycoIZZyIbEoJmORYk+eUwMFTVf7DPriMDdsY/kSIEqse2xoPvHqdluPkg==",
      "dev": true
    },
    "node_modules/fundamental-styles": {
      "version": "0.23.0",
      "resolved": "https://registry.npmjs.org/fundamental-styles/-/fundamental-styles-0.23.0.tgz",
      "integrity": "sha512-A5VtoDI8GebDziLmP4e1S4RXwlagglCgBUfHBCCe7OPzbIWH1s4rQ1mO6rp+Gd8aj0uvIe1mkHi+pNKEdqSg2Q==",
      "dev": true
    }
  },
  "dependencies": {
    "@luigi-project/client": {
      "version": "2.22.1",
      "resolved": "https://registry.npmjs.org/@luigi-project/client/-/client-2.22.1.tgz",
      "integrity": "sha512-xuENrCMkdgaNREznpv7dxErIZ4lfB9u8htNjBq4hPRifb+QSH/pHS3jI6n3ZCqGeG/a7VubjCs26T4npeBqCvA==",
      "dev": true
    },
    "@luigi-project/core": {
      "version": "2.22.1",
      "resolved": "https://registry.npmjs.org/@luigi-project/core/-/core-2.22.1.tgz",
      "integrity": "sha512-nwIbxDINhFspxmu+oNT0T4yNifrZC8Kn6Db95k/l6ltCLL11D189yHM8R20KQ4MWz79McYH9NmDC98LCe5hDBg==",
      "dev": true
    },
    "@luigi-project/plugin-auth-oauth2": {
      "version": "2.22.1",
      "resolved": "https://registry.npmjs.org/@luigi-project/plugin-auth-oauth2/-/plugin-auth-oauth2-2.22.1.tgz",
      "integrity": "sha512-zkRqLR8WgRpCMV5Bvu+Gk8UO+Y6NLlBbnCRZlnnAsawlWf58L/kukOGTXqf2VMZpnd6EPKsAQCP8P2Hma2E5VQ==",
      "dev": true
    },
    "@sap-theming/theming-base-content": {
      "version": "11.1.41",
      "resolved": "https://registry.npmjs.org/@sap-theming/theming-base-content/-/theming-base-content-11.1.41.tgz",
      "integrity": "sha512-ffxq4uP7I/CowpXvXQxjNSBXEvMlZycoIZZyIbEoJmORYk+eUwMFTVf7DPriMDdsY/kSIEqse2xoPvHqdluPkg==",
      "dev": true
    },
    "fundamental-styles": {
      "version": "0.23.0",
      "resolved": "https://registry.npmjs.org/fundamental-styles/-/fundamental-styles-0.23.0.tgz",
      "integrity": "sha512-A5VtoDI8GebDziLmP4e1S4RXwlagglCgBUfHBCCe7OPzbIWH1s4rQ1mO6rp+Gd8aj0uvIe1mkHi+pNKEdqSg2Q==",
      "dev": true
    }
  }
}
